Microsoft Visual Studio Solution File, Format Version 12.00
# Visual Studio Version 17
VisualStudioVersion = 17.5.2.0
MinimumVisualStudioVersion = 10.0.40219.1
Project("{FAE04EC0-301F-11D3-BF4B-00C04F79EFBC}") = "DesafioHotel", "DesafioHotel.csproj", "{70F77AAE-1854-7623-AE6A-F1C7AEC4B09D}"
EndProject
Global
	GlobalSection(SolutionConfigurationPlatforms) = preSolution
		Debug|Any CPU = Debug|Any CPU
		Release|Any CPU = Release|Any CPU
	EndGlobalSection
	GlobalSection(ProjectConfigurationPlatforms) = postSolution
		{70F77AAE-1854-7623-AE6A-F1C7AEC4B09D}.Debug|Any CPU.ActiveCfg = Debug|Any CPU
		{70F77AAE-1854-7623-AE6A-F1C7AEC4B09D}.Debug|Any CPU.Build.0 = Debug|Any CPU
		{70F77AAE-1854-7623-AE6A-F1C7AEC4B09D}.Release|Any CPU.ActiveCfg = Release|Any CPU
		{70F77AAE-1854-7623-AE6A-F1C7AEC4B09D}.Release|Any CPU.Build.0 = Release|Any CPU
	EndGlobalSection
	GlobalSection(SolutionProperties) = preSolution
		HideSolutionNode = FALSE
	EndGlobalSection
	GlobalSection(ExtensibilityGlobals) = postSolution
		SolutionGuid = {EA19691B-6011-44C0-8011-AE6D15A9A77A}
	EndGlobalSection
EndGlobal
